<?xml version="1.0" encoding="utf-8"?>
<Project ToolsVersion="4.0" xmlns="http://schemas.microsoft.com/developer/msbuild/2003">
  <ItemGroup>
    <ClCompile Include="..\..\src\main.cpp" />
    <ClCompile Include="..\..\src\util\string.cpp">
      <Filter>util</Filter>
    </ClCompile>
    <ClCompile Include="..\..\src\util\util.cpp">
      <Filter>util</Filter>
    </ClCompile>
    <ClCompile Include="..\..\src\core\fuckmake.cpp">
      <Filter>core</Filter>
    </ClCompile>
    <ClCompile Include="..\..\src\parsing\parsing.cpp">
      <Filter>parsing</Filter>
    </ClCompile>
  </ItemGroup>
  <ItemGroup>
    <Filter Include="core">
      <UniqueIdentifier>{76f6ce1a-67d8-48ac-ada3-a557bbece6dd}</UniqueIdentifier>
    </Filter>
    <Filter Include="parsing">
      <UniqueIdentifier>{bea35a77-0947-43d1-972a-1ed0937ebd16}</UniqueIdentifier>
    </Filter>
    <Filter Include="util">
      <UniqueIdentifier>{c452d797-dc71-42af-a961-28a3c977f93c}</UniqueIdentifier>
    </Filter>
  </ItemGroup>
  <ItemGroup>
    <ClInclude Include="..\..\src\core\core.h">
      <Filter>core</Filter>
    </ClInclude>
    <ClInclude Include="..\..\src\util\dirent.h">
      <Filter>util</Filter>
    </ClInclude>
    <ClInclude Include="..\..\src\util\list.h">
      <Filter>util</Filter>
    </ClInclude>
    <ClInclude Include="..\..\src\util\string.h">
      <Filter>util</Filter>
    </ClInclude>
    <ClInclude Include="..\..\src\util\util.h">
      <Filter>util</Filter>
    </ClInclude>
    <ClInclude Include="..\..\src\core\fuckmake.h">
      <Filter>core</Filter>
    </ClInclude>
    <ClInclude Include="..\..\src\parsing\parsing.h">
      <Filter>parsing</Filter>
    </ClInclude>
  </ItemGroup>
</Project>